
Microsoft Visual Studio Solution File, Format Version 12.00
# Visual Studio Version 17
VisualStudioVersion = 17.3.32811.315
MinimumVisualStudioVersion = 10.0.40219.1
Project("{FAE04EC0-301F-11D3-BF4B-00C04F79EFBC}") = "KhaoSatSoNguyen", "KhaoSatSoNguyen\KhaoSatSoNguyen.csproj", "{77648836-A851-4415-85DC-536D2C226A4C}"
EndProject
Global
	GlobalSection(SolutionConfigurationPlatforms) = preSolution
		Debug|Any CPU = Debug|Any CPU
		Release|Any CPU = Release|Any CPU
	EndGlobalSection
	GlobalSection(ProjectConfigurationPlatforms) = postSolution
		{77648836-A851-4415-85DC-536D2C226A4C}.Debug|Any CPU.ActiveCfg = Debug|Any CPU
		{77648836-A851-4415-85DC-536D2C226A4C}.Debug|Any CPU.Build.0 = Debug|Any CPU
		{77648836-A851-4415-85DC-536D2C226A4C}.Release|Any CPU.ActiveCfg = Release|Any CPU
		{77648836-A851-4415-85DC-536D2C226A4C}.Release|Any CPU.Build.0 = Release|Any CPU
	EndGlobalSection
	GlobalSection(SolutionProperties) = preSolution
		HideSolutionNode = FALSE
	EndGlobalSection
	GlobalSection(ExtensibilityGlobals) = postSolution
		SolutionGuid = {68A37024-AD70-42DE-9C24-F25764937884}
	EndGlobalSection
EndGlobal
